// !$*UTF8*$!
{
	archiveVersion = 1;
	classes = {
	};
	objectVersion = 56;
	objects = {

/* Begin PBXBuildFile section */
		3B6970FE28E8A68800AD1AF7 /* AppDelegate.swift in Sources */ = {isa = PBXBuildFile; fileRef = 3B6970FD28E8A68800AD1AF7 /* AppDelegate.swift */; };
		3B69710028E8A68800AD1AF7 /* SceneDelegate.swift in Sources */ = {isa = PBXBuildFile; fileRef = 3B6970FF28E8A68800AD1AF7 /* SceneDelegate.swift */; };
		3B69710228E8A68800AD1AF7 /* ViewController.swift in Sources */ = {isa = PBXBuildFile; fileRef = 3B69710128E8A68800AD1AF7 /* ViewController.swift */; };
		3B69710528E8A68800AD1AF7 /* Main.storyboard in Resources */ = {isa = PBXBuildFile; fileRef = 3B69710328E8A68800AD1AF7 /* Main.storyboard */; };
		3B69710728E8A68900AD1AF7 /* Assets.xcassets in Resources */ = {isa = PBXBuildFile; fileRef = 3B69710628E8A68900AD1AF7 /* Assets.xcassets */; };
		3B69710A28E8A68900AD1AF7 /* LaunchScreen.storyboard in Resources */ = {isa = PBXBuildFile; fileRef = 3B69710828E8A68900AD1AF7 /* LaunchScreen.storyboard */; };
		3B69711A28E994B900AD1AF7 /* SayfaA.swift in Sources */ = {isa = PBXBuildFile; fileRef = 3B69711928E994B900AD1AF7 /* SayfaA.swift */; };
		3B69711C28E994D400AD1AF7 /* SayfaB.swift in Sources */ = {isa = PBXBuildFile; fileRef = 3B69711B28E994D400AD1AF7 /* SayfaB.swift */; };
		3B69711E28E994DF00AD1AF7 /* SayfaX.swift in Sources */ = {isa = PBXBuildFile; fileRef = 3B69711D28E994DF00AD1AF7 /* SayfaX.swift */; };
		3B69712028E994EB00AD1AF7 /* SayfaY.swift in Sources */ = {isa = PBXBuildFile; fileRef = 3B69711F28E994EB00AD1AF7 /* SayfaY.swift */; };
/* End PBXBuildFile section */

/* Begin PBXFileReference section */
		3B6970FA28E8A68800AD1AF7 /* Odev4.app */ = {isa = PBXFileReference; explicitFileType = wrapper.application; includeInIndex = 0; path = Odev4.app; sourceTree = BUILT_PRODUCTS_DIR; };
		3B6970FD28E8A68800AD1AF7 /* AppDelegate.swift */ = {isa = PBXFileReference; lastKnownFileType = sourcecode.swift; path = AppDelegate.swift; sourceTree = "<group>"; };
		3B6970FF28E8A68800AD1AF7 /* SceneDelegate.swift */ = {isa = PBXFileReference; lastKnownFileType = sourcecode.swift; path = SceneDelegate.swift; sourceTree = "<group>"; };
		3B69710128E8A68800AD1AF7 /* ViewController.swift */ = {isa = PBXFileReference; lastKnownFileType = sourcecode.swift; path = ViewController.swift; sourceTree = "<group>"; };
		3B69710428E8A68800AD1AF7 /* Base */ = {isa = PBXFileReference; lastKnownFileType = file.storyboard; name = Base; path = Base.lproj/Main.storyboard; sourceTree = "<group>"; };
		3B69710628E8A68900AD1AF7 /* Assets.xcassets */ = {isa = PBXFileReference; lastKnownFileType = folder.assetcatalog; path = Assets.xcassets; sourceTree = "<group>"; };
		3B69710928E8A68900AD1AF7 /* Base */ = {isa = PBXFileReference; lastKnownFileType = file.storyboard; name = Base; path = Base.lproj/LaunchScreen.storyboard; sourceTree = "<group>"; };
		3B69710B28E8A68900AD1AF7 /* Info.plist */ = {isa = PBXFileReference; lastKnownFileType = text.plist.xml; path = Info.plist; sourceTree = "<group>"; };
		3B69711928E994B900AD1AF7 /* SayfaA.swift */ = {isa = PBXFileReference; lastKnownFileType = sourcecode.swift; path = SayfaA.swift; sourceTree = "<group>"; };
		3B69711B28E994D400AD1AF7 /* SayfaB.swift */ = {isa = PBXFileReference; lastKnownFileType = sourcecode.swift; path = SayfaB.swift; sourceTree = "<group>"; };
		3B69711D28E994DF00AD1AF7 /* SayfaX.swift */ = {isa = PBXFileReference; lastKnownFileType = sourcecode.swift; path = SayfaX.swift; sourceTree = "<group>"; };
		3B69711F28E994EB00AD1AF7 /* SayfaY.swift */ = {isa = PBXFileReference; lastKnownFileType = sourcecode.swift; path = SayfaY.swift; sourceTree = "<group>"; };
/* End PBXFileReference section */

/* Begin PBXFrameworksBuildPhase section */
		3B6970F728E8A68800AD1AF7 /* Frameworks */ = {
			isa = PBXFrameworksBuildPhase;
			buildActionMask = 2147483647;
			files = (
			);
			runOnlyForDeploymentPostprocessing = 0;
		};
/* End PBXFrameworksBuildPhase section */

/* Begin PBXGroup section */
		3B6970F128E8A68800AD1AF7 = {
			isa = PBXGroup;
			children = (
				3B6970FC28E8A68800AD1AF7 /* Odev4 */,
				3B6970FB28E8A68800AD1AF7 /* Products */,
			);
			sourceTree = "<group>";
		};
		3B6970FB28E8A68800AD1AF7 /* Products */ = {
			isa = PBXGroup;
			children = (
				3B6970FA28E8A68800AD1AF7 /* Odev4.app */,
			);
			name = Products;
			sourceTree = "<group>";
		};
		3B6970FC28E8A68800AD1AF7 /* Odev4 */ = {
			isa = PBXGroup;
			children = (
				3B6970FD28E8A68800AD1AF7 /* AppDelegate.swift */,
				3B6970FF28E8A68800AD1AF7 /* SceneDelegate.swift */,
				3B69710128E8A68800AD1AF7 /* ViewController.swift */,
				3B69711928E994B900AD1AF7 /* SayfaA.swift */,
				3B69711B28E994D400AD1AF7 /* SayfaB.swift */,
				3B69711D28E994DF00AD1AF7 /* SayfaX.swift */,
				3B69711F28E994EB00AD1AF7 /* SayfaY.swift */,
				3B69710328E8A68800AD1AF7 /* Main.storyboard */,
				3B69710628E8A68900AD1AF7 /* Assets.xcassets */,
				3B69710828E8A68900AD1AF7 /* LaunchScreen.storyboard */,
				3B69710B28E8A68900AD1AF7 /* Info.plist */,
			);
			path = Odev4;
			sourceTree = "<group>";
		};
/* End PBXGroup section */

/* Begin PBXNativeTarget section */
		3B6970F928E8A68800AD1AF7 /* Odev4 */ = {
			isa = PBXNativeTarget;
			buildConfigurationList = 3B69710E28E8A68900AD1AF7 /* Build configuration list for PBXNativeTarget "Odev4" */;
			buildPhases = (
				3B6970F628E8A68800AD1AF7 /* Sources */,
				3B6970F728E8A68800AD1AF7 /* Frameworks */,
				3B6970F828E8A68800AD1AF7 /* Resources */,
			);
			buildRules = (
			);
			dependencies = (
			);
			name = Odev4;
			productName = Odev4;
			productReference = 3B6970FA28E8A68800AD1AF7 /* Odev4.app */;
			productType = "com.apple.product-type.application";
		};
/* End PBXNativeTarget section */

/* Begin PBXProject section */
		3B6970F228E8A68800AD1AF7 /* Project object */ = {
			isa = PBXProject;
			attributes = {
				BuildIndependentTargetsInParallel = 1;
				LastSwiftUpdateCheck = 1400;
				LastUpgradeCheck = 1400;
				TargetAttributes = {
					3B6970F928E8A68800AD1AF7 = {
						CreatedOnToolsVersion = 14.0;
					};
				};
			};
			buildConfigurationList = 3B6970F528E8A68800AD1AF7 /* Build configuration list for PBXProject "Odev4" */;
			compatibilityVersion = "Xcode 14.0";
			developmentRegion = en;
			hasScannedForEncodings = 0;
			knownRegions = (
				en,
				Base,
			);
			mainGroup = 3B6970F128E8A68800AD1AF7;
			productRefGroup = 3B6970FB28E8A68800AD1AF7 /* Products */;
			projectDirPath = "";
			projectRoot = "";
			targets = (
				3B6970F928E8A68800AD1AF7 /* Odev4 */,
			);
		};
/* End PBXProject section */

/* Begin PBXResourcesBuildPhase section */
		3B6970F828E8A68800AD1AF7 /* Resources */ = {
			isa = PBXResourcesBuildPhase;
			buildActionMask = 2147483647;
			files = (
				3B69710A28E8A68900AD1AF7 /* LaunchScreen.storyboard in Resources */,
				3B69710728E8A68900AD1AF7 /* Assets.xcassets in Resources */,
				3B69710528E8A68800AD1AF7 /* Main.storyboard in Resources */,
			);
			runOnlyForDeploymentPostprocessing = 0;
		};
/* End PBXResourcesBuildPhase section */

/* Begin PBXSourcesBuildPhase section */
		3B6970F628E8A68800AD1AF7 /* Sources */ = {
			isa = PBXSourcesBuildPhase;
			buildActionMask = 2147483647;
			files = (
				3B69710228E8A68800AD1AF7 /* ViewController.swift in Sources */,
				3B6970FE28E8A68800AD1AF7 /* AppDelegate.swift in Sources */,
				3B69711C28E994D400AD1AF7 /* SayfaB.swift in Sources */,
				3B69711E28E994DF00AD1AF7 /* SayfaX.swift in Sources */,
				3B69710028E8A68800AD1AF7 /* SceneDelegate.swift in Sources */,
				3B69712028E994EB00AD1AF7 /* SayfaY.swift in Sources */,
				3B69711A28E994B900AD1AF7 /* SayfaA.swift in Sources */,
			);
			runOnlyForDeploymentPostprocessing = 0;
		};
/* End PBXSourcesBuildPhase section */

/* Begin PBXVariantGroup section */
		3B69710328E8A68800AD1AF7 /* Main.storyboard */ = {
			isa = PBXVariantGroup;
			children = (
				3B69710428E8A68800AD1AF7 /* Base */,
			);
			name = Main.storyboard;
			sourceTree = "<group>";
		};
		3B69710828E8A68900AD1AF7 /* LaunchScreen.storyboard */ = {
			isa = PBXVariantGroup;
			children = (
				3B69710928E8A68900AD1AF7 /* Base */,
			);
			name = LaunchScreen.storyboard;
			sourceTree = "<group>";
		};
/* End PBXVariantGroup section */

/* Begin XCBuildConfiguration section */
		3B69710C28E8A68900AD1AF7 /* Debug */ = {
			isa = XCBuildConfiguration;
			buildSettings = {
				ALWAYS_SEARCH_USER_PATHS = NO;
				CLANG_ANALYZER_NONNULL = YES;
				CLANG_ANALYZER_NUMBER_OBJECT_CONVERSION = YES_AGGRESSIVE;
				CLANG_CXX_LANGUAGE_STANDARD = "gnu++20";
				CLANG_ENABLE_MODULES = YES;
				CLANG_ENABLE_OBJC_ARC = YES;
				CLANG_ENABLE_OBJC_WEAK = YES;
				CLANG_WARN_BLOCK_CAPTURE_AUTORELEASING = YES;
				CLANG_WARN_BOOL_CONVERSION = YES;
				CLANG_WARN_COMMA = YES;
				CLANG_WARN_CONSTANT_CONVERSION = YES;
				CLANG_WARN_DEPRECATED_OBJC_IMPLEMENTATIONS = YES;
				CLANG_WARN_DIRECT_OBJC_ISA_USAGE = YES_ERROR;
				CLANG_WARN_DOCUMENTATION_COMMENTS = YES;
				CLANG_WARN_EMPTY_BODY = YES;
				CLANG_WARN_ENUM_CONVERSION = YES;
				CLANG_WARN_INFINITE_RECURSION = YES;
				CLANG_WARN_INT_CONVERSION = YES;
				CLANG_WARN_NON_LITERAL_NULL_CONVERSION = YES;
				CLANG_WARN_OBJC_IMPLICIT_RETAIN_SELF = YES;
				CLANG_WARN_OBJC_LITERAL_CONVERSION = YES;
				CLANG_WARN_OBJC_ROOT_CLASS = YES_ERROR;
				CLANG_WARN_QUOTED_INCLUDE_IN_FRAMEWORK_HEADER = YES;
				CLANG_WARN_RANGE_LOOP_ANALYSIS = YES;
				CLANG_WARN_STRICT_PROTOTYPES = YES;
				CLANG_WARN_SUSPICIOUS_MOVE = YES;
				CLANG_WARN_UNGUARDED_AVAILABILITY = YES_AGGRESSIVE;
				CLANG_WARN_UNREACHABLE_CODE = YES;
				CLANG_WARN__DUPLICATE_METHOD_MATCH = YES;
				COPY_PHASE_STRIP = NO;
				DEBUG_INFORMATION_FORMAT = dwarf;
				ENABLE_STRICT_OBJC_MSGSEND = YES;
				ENABLE_TESTABILITY = YES;
				GCC_C_LANGUAGE_STANDARD = gnu11;
				GCC_DYNAMIC_NO_PIC = NO;
				GCC_NO_COMMON_BLOCKS = YES;
				GCC_OPTIMIZATION_LEVEL = 0;
				GCC_PREPROCESSOR_DEFINITIONS = (
					"DEBUG=1",
					"$(inherited)",
				);
				GCC_WARN_64_TO_32_BIT_CONVERSION = YES;
				GCC_WARN_ABOUT_RETURN_TYPE = YES_ERROR;
				GCC_WARN_UNDECLARED_SELECTOR = YES;
				GCC_WARN_UNINITIALIZED_AUTOS = YES_AGGRESSIVE;
				GCC_WARN_UNUSED_FUNCTION = YES;
				GCC_WARN_UNUSED_VARIABLE = YES;
				IPHONEOS_DEPLOYMENT_TARGET = 16.0;
				MTL_ENABLE_DEBUG_INFO = INCLUDE_SOURCE;
				MTL_FAST_MATH = YES;
				ONLY_ACTIVE_ARCH = YES;
				SDKROOT = iphoneos;
				SWIFT_ACTIVE_COMPILATION_CONDITIONS = DEBUG;
				SWIFT_OPTIMIZATION_LEVEL = "-Onone";
			};
			name = Debug;
		};
		3B69710D28E8A68900AD1AF7 /* Release */ = {
			isa = XCBuildConfiguration;
			buildSettings = {
				ALWAYS_SEARCH_USER_PATHS = NO;
				CLANG_ANALYZER_NONNULL = YES;
				CLANG_ANALYZER_NUMBER_OBJECT_CONVERSION = YES_AGGRESSIVE;
				CLANG_CXX_LANGUAGE_STANDARD = "gnu++20";
				CLANG_ENABLE_MODULES = YES;
				CLANG_ENABLE_OBJC_ARC = YES;
				CLANG_ENABLE_OBJC_WEAK = YES;
				CLANG_WARN_BLOCK_CAPTURE_AUTORELEASING = YES;
				CLANG_WARN_BOOL_CONVERSION = YES;
				CLANG_WARN_COMMA = YES;
				CLANG_WARN_CONSTANT_CONVERSION = YES;
				CLANG_WARN_DEPRECATED_OBJC_IMPLEMENTATIONS = YES;
				CLANG_WARN_DIRECT_OBJC_ISA_USAGE = YES_ERROR;
				CLANG_WARN_DOCUMENTATION_COMMENTS = YES;
				CLANG_WARN_EMPTY_BODY = YES;
				CLANG_WARN_ENUM_CONVERSION = YES;
				CLANG_WARN_INFINITE_RECURSION = YES;
				CLANG_WARN_INT_CONVERSION = YES;
				CLANG_WARN_NON_LITERAL_NULL_CONVERSION = YES;
				CLANG_WARN_OBJC_IMPLICIT_RETAIN_SELF = YES;
				CLANG_WARN_OBJC_LITERAL_CONVERSION = YES;
				CLANG_WARN_OBJC_ROOT_CLASS = YES_ERROR;
				CLANG_WARN_QUOTED_INCLUDE_IN_FRAMEWORK_HEADER = YES;
				CLANG_WARN_RANGE_LOOP_ANALYSIS = YES;
				CLANG_WARN_STRICT_PROTOTYPES = YES;
				CLANG_WARN_SUSPICIOUS_MOVE = YES;
				CLANG_WARN_UNGUARDED_AVAILABILITY = YES_AGGRESSIVE;
				CLANG_WARN_UNREACHABLE_CODE = YES;
				CLANG_WARN__DUPLICATE_METHOD_MATCH = YES;
				COPY_PHASE_STRIP = NO;
				DEBUG_INFORMATION_FORMAT = "dwarf-with-dsym";
				ENABLE_NS_ASSERTIONS = NO;
				ENABLE_STRICT_OBJC_MSGSEND = YES;
				GCC_C_LANGUAGE_STANDARD = gnu11;
				GCC_NO_COMMON_BLOCKS = YES;
				GCC_WARN_64_TO_32_BIT_CONVERSION = YES;
				GCC_WARN_ABOUT_RETURN_TYPE = YES_ERROR;
				GCC_WARN_UNDECLARED_SELECTOR = YES;
				GCC_WARN_UNINITIALIZED_AUTOS = YES_AGGRESSIVE;
				GCC_WARN_UNUSED_FUNCTION = YES;
				GCC_WARN_UNUSED_VARIABLE = YES;
				IPHONEOS_DEPLOYMENT_TARGET = 16.0;
				MTL_ENABLE_DEBUG_INFO = NO;
				MTL_FAST_MATH = YES;
				SDKROOT = iphoneos;
				SWIFT_COMPILATION_MODE = wholemodule;
				SWIFT_OPTIMIZATION_LEVEL = "-O";
				VALIDATE_PRODUCT = YES;
			};
			name = Release;
		};
		3B69710F28E8A68900AD1AF7 /* Debug */ = {
			isa = XCBuildConfiguration;
			buildSettings = {
				ASSETCATALOG_COMPILER_APPICON_NAME = AppIcon;
				ASSETCATALOG_COMPILER_GLOBAL_ACCENT_COLOR_NAME = AccentColor;
				CODE_SIGN_STYLE = Automatic;
				CURRENT_PROJECT_VERSION = 1;
				GENERATE_INFOPLIST_FILE = YES;
				INFOPLIST_FILE = Odev4/Info.plist;
				INFOPLIST_KEY_UIApplicationSupportsIndirectInputEvents = YES;
				INFOPLIST_KEY_UILaunchStoryboardName = LaunchScreen;
				INFOPLIST_KEY_UIMainStoryboardFile = Main;
				INFOPLIST_KEY_UISupportedInterfaceOrientations_iPad = "UIInterfaceOrientationPortrait UIInterfaceOrientationPortraitUpsideDown UIInterfaceOrientationLandscapeLeft UIInterfaceOrientationLandscapeRight";
				INFOPLIST_KEY_UISupportedInterfaceOrientations_iPhone = "UIInterfaceOrientationPortrait UIInterfaceOrientationLandscapeLeft UIInterfaceOrientationLandscapeRight";
				LD_RUNPATH_SEARCH_PATHS = (
					"$(inherited)",
					"@executable_path/Frameworks",
				);
				MARKETING_VERSION = 1.0;
				PRODUCT_BUNDLE_IDENTIFIER = com.info.Odev4;
				PRODUCT_NAME = "$(TARGET_NAME)";
				SWIFT_EMIT_LOC_STRINGS = YES;
				SWIFT_VERSION = 5.0;
				TARGETED_DEVICE_FAMILY = "1,2";
			};
			name = Debug;
		};
		3B69711028E8A68900AD1AF7 /* Release */ = {
			isa = XCBuildConfiguration;
			buildSettings = {
				ASSETCATALOG_COMPILER_APPICON_NAME = AppIcon;
				ASSETCATALOG_COMPILER_GLOBAL_ACCENT_COLOR_NAME = AccentColor;
				CODE_SIGN_STYLE = Automatic;
				CURRENT_PROJECT_VERSION = 1;
				GENERATE_INFOPLIST_FILE = YES;
				INFOPLIST_FILE = Odev4/Info.plist;
				INFOPLIST_KEY_UIApplicationSupportsIndirectInputEvents = YES;
				INFOPLIST_KEY_UILaunchStoryboardName = LaunchScreen;
				INFOPLIST_KEY_UIMainStoryboardFile = Main;
				INFOPLIST_KEY_UISupportedInterfaceOrientations_iPad = "UIInterfaceOrientationPortrait UIInterfaceOrientationPortraitUpsideDown UIInterfaceOrientationLandscapeLeft UIInterfaceOrientationLandscapeRight";
				INFOPLIST_KEY_UISupportedInterfaceOrientations_iPhone = "UIInterfaceOrientationPortrait UIInterfaceOrientationLandscapeLeft UIInterfaceOrientationLandscapeRight";
				LD_RUNPATH_SEARCH_PATHS = (
					"$(inherited)",
					"@executable_path/Frameworks",
				);
				MARKETING_VERSION = 1.0;
				PRODUCT_BUNDLE_IDENTIFIER = com.info.Odev4;
				PRODUCT_NAME = "$(TARGET_NAME)";
				SWIFT_EMIT_LOC_STRINGS = YES;
				SWIFT_VERSION = 5.0;
				TARGETED_DEVICE_FAMILY = "1,2";
			};
			name = Release;
		};
/* End XCBuildConfiguration section */

/* Begin XCConfigurationList section */
		3B6970F528E8A68800AD1AF7 /* Build configuration list for PBXProject "Odev4" */ = {
			isa = XCConfigurationList;
			buildConfigurations = (
				3B69710C28E8A68900AD1AF7 /* Debug */,
				3B69710D28E8A68900AD1AF7 /* Release */,
			);
			defaultConfigurationIsVisible = 0;
			defaultConfigurationName = Release;
		};
		3B69710E28E8A68900AD1AF7 /* Build configuration list for PBXNativeTarget "Odev4" */ = {
			isa = XCConfigurationList;
			buildConfigurations = (
				3B69710F28E8A68900AD1AF7 /* Debug */,
				3B69711028E8A68900AD1AF7 /* Release */,
			);
			defaultConfigurationIsVisible = 0;
			defaultConfigurationName = Release;
		};
/* End XCConfigurationList section */
	};
	rootObject = 3B6970F228E8A68800AD1AF7 /* Project object */;
}
